// !$*UTF8*$!
{
	archiveVersion = 1;
	classes = {
	};
	objectVersion = 48;
	objects = {

/* Begin PBXBuildFile section */
		AD712F01203CD85F0026BC82 /* AppDelegate.m in Sources */ = {isa = PBXBuildFile; fileRef = AD712F00203CD85F0026BC82 /* AppDelegate.m */; };
		AD712F04203CD85F0026BC82 /* ViewController.m in Sources */ = {isa = PBXBuildFile; fileRef = AD712F03203CD85F0026BC82 /* ViewController.m */; };
		AD712F07203CD85F0026BC82 /* Main.storyboard in Resources */ = {isa = PBXBuildFile; fileRef = AD712F05203CD85F0026BC82 /* Main.storyboard */; };
		AD712F09203CD85F0026BC82 /* Assets.xcassets in Resources */ = {isa = PBXBuildFile; fileRef = AD712F08203CD85F0026BC82 /* Assets.xcassets */; };
		AD712F0C203CD85F0026BC82 /* LaunchScreen.storyboard in Resources */ = {isa = PBXBuildFile; fileRef = AD712F0A203CD85F0026BC82 /* LaunchScreen.storyboard */; };
		AD712F0F203CD85F0026BC82 /* main.m in Sources */ = {isa = PBXBuildFile; fileRef = AD712F0E203CD85F0026BC82 /* main.m */; };
/* End PBXBuildFile section */

/* Begin PBXFileReference section */
		AD712EFC203CD85F0026BC82 /* AutoLayout_Storyboard.app */ = {isa = PBXFileReference; explicitFileType = wrapper.application; includeInIndex = 0; path = AutoLayout_Storyboard.app; sourceTree = BUILT_PRODUCTS_DIR; };
		AD712EFF203CD85F0026BC82 /* AppDelegate.h */ = {isa = PBXFileReference; lastKnownFileType = sourcecode.c.h; path = AppDelegate.h; sourceTree = "<group>"; };
		AD712F00203CD85F0026BC82 /* AppDelegate.m */ = {isa = PBXFileReference; lastKnownFileType = sourcecode.c.objc; path = AppDelegate.m; sourceTree = "<group>"; };
		AD712F02203CD85F0026BC82 /* ViewController.h */ = {isa = PBXFileReference; lastKnownFileType = sourcecode.c.h; path = ViewController.h; sourceTree = "<group>"; };
		AD712F03203CD85F0026BC82 /* ViewController.m */ = {isa = PBXFileReference; lastKnownFileType = sourcecode.c.objc; path = ViewController.m; sourceTree = "<group>"; };
		AD712F06203CD85F0026BC82 /* Base */ = {isa = PBXFileReference; lastKnownFileType = file.storyboard; name = Base; path = Base.lproj/Main.storyboard; sourceTree = "<group>"; };
		AD712F08203CD85F0026BC82 /* Assets.xcassets */ = {isa = PBXFileReference; lastKnownFileType = folder.assetcatalog; path = Assets.xcassets; sourceTree = "<group>"; };
		AD712F0B203CD85F0026BC82 /* Base */ = {isa = PBXFileReference; lastKnownFileType = file.storyboard; name = Base; path = Base.lproj/LaunchScreen.storyboard; sourceTree = "<group>"; };
		AD712F0D203CD85F0026BC82 /* Info.plist */ = {isa = PBXFileReference; lastKnownFileType = text.plist.xml; path = Info.plist; sourceTree = "<group>"; };
		AD712F0E203CD85F0026BC82 /* main.m */ = {isa = PBXFileReference; lastKnownFileType = sourcecode.c.objc; path = main.m; sourceTree = "<group>"; };
/* End PBXFileReference section */

/* Begin PBXFrameworksBuildPhase section */
		AD712EF9203CD85F0026BC82 /* Frameworks */ = {
			isa = PBXFrameworksBuildPhase;
			buildActionMask = 2147483647;
			files = (
			);
			runOnlyForDeploymentPostprocessing = 0;
		};
/* End PBXFrameworksBuildPhase section */

/* Begin PBXGroup section */
		AD712EF3203CD85F0026BC82 = {
			isa = PBXGroup;
			children = (
				AD712EFE203CD85F0026BC82 /* AutoLayout_Storyboard */,
				AD712EFD203CD85F0026BC82 /* Products */,
			);
			sourceTree = "<group>";
		};
		AD712EFD203CD85F0026BC82 /* Products */ = {
			isa = PBXGroup;
			children = (
				AD712EFC203CD85F0026BC82 /* AutoLayout_Storyboard.app */,
			);
			name = Products;
			sourceTree = "<group>";
		};
		AD712EFE203CD85F0026BC82 /* AutoLayout_Storyboard */ = {
			isa = PBXGroup;
			children = (
				AD712EFF203CD85F0026BC82 /* AppDelegate.h */,
				AD712F00203CD85F0026BC82 /* AppDelegate.m */,
				AD712F02203CD85F0026BC82 /* ViewController.h */,
				AD712F03203CD85F0026BC82 /* ViewController.m */,
				AD712F05203CD85F0026BC82 /* Main.storyboard */,
				AD712F08203CD85F0026BC82 /* Assets.xcassets */,
				AD712F0A203CD85F0026BC82 /* LaunchScreen.storyboard */,
				AD712F0D203CD85F0026BC82 /* Info.plist */,
				AD712F0E203CD85F0026BC82 /* main.m */,
			);
			path = AutoLayout_Storyboard;
			sourceTree = "<group>";
		};
/* End PBXGroup section */

/* Begin PBXNativeTarget section */
		AD712EFB203CD85F0026BC82 /* AutoLayout_Storyboard */ = {
			isa = PBXNativeTarget;
			buildConfigurationList = AD712F12203CD85F0026BC82 /* Build configuration list for PBXNativeTarget "AutoLayout_Storyboard" */;
			buildPhases = (
				AD712EF8203CD85F0026BC82 /* Sources */,
				AD712EF9203CD85F0026BC82 /* Frameworks */,
				AD712EFA203CD85F0026BC82 /* Resources */,
			);
			buildRules = (
			);
			dependencies = (
			);
			name = AutoLayout_Storyboard;
			productName = AutoLayout_Storyboard;
			productReference = AD712EFC203CD85F0026BC82 /* AutoLayout_Storyboard.app */;
			productType = "com.apple.product-type.application";
		};
/* End PBXNativeTarget section */

/* Begin PBXProject section */
		AD712EF4203CD85F0026BC82 /* Project object */ = {
			isa = PBXProject;
			attributes = {
				LastUpgradeCheck = 0920;
				ORGANIZATIONNAME = "Tyson Parks";
				TargetAttributes = {
					AD712EFB203CD85F0026BC82 = {
						CreatedOnToolsVersion = 9.2;
						ProvisioningStyle = Automatic;
					};
				};
			};
			buildConfigurationList = AD712EF7203CD85F0026BC82 /* Build configuration list for PBXProject "AutoLayout_Storyboard" */;
			compatibilityVersion = "Xcode 8.0";
			developmentRegion = en;
			hasScannedForEncodings = 0;
			knownRegions = (
				en,
				Base,
			);
			mainGroup = AD712EF3203CD85F0026BC82;
			productRefGroup = AD712EFD203CD85F0026BC82 /* Products */;
			projectDirPath = "";
			projectRoot = "";
			targets = (
				AD712EFB203CD85F0026BC82 /* AutoLayout_Storyboard */,
			);
		};
/* End PBXProject section */

/* Begin PBXResourcesBuildPhase section */
		AD712EFA203CD85F0026BC82 /* Resources */ = {
			isa = PBXResourcesBuildPhase;
			buildActionMask = 2147483647;
			files = (
				AD712F0C203CD85F0026BC82 /* LaunchScreen.storyboard in Resources */,
				AD712F09203CD85F0026BC82 /* Assets.xcassets in Resources */,
				AD712F07203CD85F0026BC82 /* Main.storyboard in Resources */,
			);
			runOnlyForDeploymentPostprocessing = 0;
		};
/* End PBXResourcesBuildPhase section */

/* Begin PBXSourcesBuildPhase section */
		AD712EF8203CD85F0026BC82 /* Sources */ = {
			isa = PBXSourcesBuildPhase;
			buildActionMask = 2147483647;
			files = (
				AD712F04203CD85F0026BC82 /* ViewController.m in Sources */,
				AD712F0F203CD85F0026BC82 /* main.m in Sources */,
				AD712F01203CD85F0026BC82 /* AppDelegate.m in Sources */,
			);
			runOnlyForDeploymentPostprocessing = 0;
		};
/* End PBXSourcesBuildPhase section */

/* Begin PBXVariantGroup section */
		AD712F05203CD85F0026BC82 /* Main.storyboard */ = {
			isa = PBXVariantGroup;
			children = (
				AD712F06203CD85F0026BC82 /* Base */,
			);
			name = Main.storyboard;
			sourceTree = "<group>";
		};
		AD712F0A203CD85F0026BC82 /* LaunchScreen.storyboard */ = {
			isa = PBXVariantGroup;
			children = (
				AD712F0B203CD85F0026BC82 /* Base */,
			);
			name = LaunchScreen.storyboard;
			sourceTree = "<group>";
		};
/* End PBXVariantGroup section */

/* Begin XCBuildConfiguration section */
		AD712F10203CD85F0026BC82 /* Debug */ = {
			isa = XCBuildConfiguration;
			buildSettings = {
				ALWAYS_SEARCH_USER_PATHS = NO;
				CLANG_ANALYZER_NONNULL = YES;
				CLANG_ANALYZER_NUMBER_OBJECT_CONVERSION = YES_AGGRESSIVE;
				CLANG_CXX_LANGUAGE_STANDARD = "gnu++14";
				CLANG_CXX_LIBRARY = "libc++";
				CLANG_ENABLE_MODULES = YES;
				CLANG_ENABLE_OBJC_ARC = YES;
				CLANG_WARN_BLOCK_CAPTURE_AUTORELEASING = YES;
				CLANG_WARN_BOOL_CONVERSION = YES;
				CLANG_WARN_COMMA = YES;
				CLANG_WARN_CONSTANT_CONVERSION = YES;
				CLANG_WARN_DIRECT_OBJC_ISA_USAGE = YES_ERROR;
				CLANG_WARN_DOCUMENTATION_COMMENTS = YES;
				CLANG_WARN_EMPTY_BODY = YES;
				CLANG_WARN_ENUM_CONVERSION = YES;
				CLANG_WARN_INFINITE_RECURSION = YES;
				CLANG_WARN_INT_CONVERSION = YES;
				CLANG_WARN_NON_LITERAL_NULL_CONVERSION = YES;
				CLANG_WARN_OBJC_LITERAL_CONVERSION = YES;
				CLANG_WARN_OBJC_ROOT_CLASS = YES_ERROR;
				CLANG_WARN_RANGE_LOOP_ANALYSIS = YES;
				CLANG_WARN_STRICT_PROTOTYPES = YES;
				CLANG_WARN_SUSPICIOUS_MOVE = YES;
				CLANG_WARN_UNGUARDED_AVAILABILITY = YES_AGGRESSIVE;
				CLANG_WARN_UNREACHABLE_CODE = YES;
				CLANG_WARN__DUPLICATE_METHOD_MATCH = YES;
				CODE_SIGN_IDENTITY = "iPhone Developer";
				COPY_PHASE_STRIP = NO;
				DEBUG_INFORMATION_FORMAT = dwarf;
				ENABLE_STRICT_OBJC_MSGSEND = YES;
				ENABLE_TESTABILITY = YES;
				GCC_C_LANGUAGE_STANDARD = gnu11;
				GCC_DYNAMIC_NO_PIC = NO;
				GCC_NO_COMMON_BLOCKS = YES;
				GCC_OPTIMIZATION_LEVEL = 0;
				GCC_PREPROCESSOR_DEFINITIONS = (
					"DEBUG=1",
					"$(inherited)",
				);
				GCC_WARN_64_TO_32_BIT_CONVERSION = YES;
				GCC_WARN_ABOUT_RETURN_TYPE = YES_ERROR;
				GCC_WARN_UNDECLARED_SELECTOR = YES;
				GCC_WARN_UNINITIALIZED_AUTOS = YES_AGGRESSIVE;
				GCC_WARN_UNUSED_FUNCTION = YES;
				GCC_WARN_UNUSED_VARIABLE = YES;
				IPHONEOS_DEPLOYMENT_TARGET = 11.2;
				MTL_ENABLE_DEBUG_INFO = YES;
				ONLY_ACTIVE_ARCH = YES;
				SDKROOT = iphoneos;
			};
			name = Debug;
		};
		AD712F11203CD85F0026BC82 /* Release */ = {
			isa = XCBuildConfiguration;
			buildSettings = {
				ALWAYS_SEARCH_USER_PATHS = NO;
				CLANG_ANALYZER_NONNULL = YES;
				CLANG_ANALYZER_NUMBER_OBJECT_CONVERSION = YES_AGGRESSIVE;
				CLANG_CXX_LANGUAGE_STANDARD = "gnu++14";
				CLANG_CXX_LIBRARY = "libc++";
				CLANG_ENABLE_MODULES = YES;
				CLANG_ENABLE_OBJC_ARC = YES;
				CLANG_WARN_BLOCK_CAPTURE_AUTORELEASING = YES;
				CLANG_WARN_BOOL_CONVERSION = YES;
				CLANG_WARN_COMMA = YES;
				CLANG_WARN_CONSTANT_CONVERSION = YES;
				CLANG_WARN_DIRECT_OBJC_ISA_USAGE = YES_ERROR;
				CLANG_WARN_DOCUMENTATION_COMMENTS = YES;
				CLANG_WARN_EMPTY_BODY = YES;
				CLANG_WARN_ENUM_CONVERSION = YES;
				CLANG_WARN_INFINITE_RECURSION = YES;
				CLANG_WARN_INT_CONVERSION = YES;
				CLANG_WARN_NON_LITERAL_NULL_CONVERSION = YES;
				CLANG_WARN_OBJC_LITERAL_CONVERSION = YES;
				CLANG_WARN_OBJC_ROOT_CLASS = YES_ERROR;
				CLANG_WARN_RANGE_LOOP_ANALYSIS = YES;
				CLANG_WARN_STRICT_PROTOTYPES = YES;
				CLANG_WARN_SUSPICIOUS_MOVE = YES;
				CLANG_WARN_UNGUARDED_AVAILABILITY = YES_AGGRESSIVE;
				CLANG_WARN_UNREACHABLE_CODE = YES;
				CLANG_WARN__DUPLICATE_METHOD_MATCH = YES;
				CODE_SIGN_IDENTITY = "iPhone Developer";
				COPY_PHASE_STRIP = NO;
				DEBUG_INFORMATION_FORMAT = "dwarf-with-dsym";
				ENABLE_NS_ASSERTIONS = NO;
				ENABLE_STRICT_OBJC_MSGSEND = YES;
				GCC_C_LANGUAGE_STANDARD = gnu11;
				GCC_NO_COMMON_BLOCKS = YES;
				GCC_WARN_64_TO_32_BIT_CONVERSION = YES;
				GCC_WARN_ABOUT_RETURN_TYPE = YES_ERROR;
				GCC_WARN_UNDECLARED_SELECTOR = YES;
				GCC_WARN_UNINITIALIZED_AUTOS = YES_AGGRESSIVE;
				GCC_WARN_UNUSED_FUNCTION = YES;
				GCC_WARN_UNUSED_VARIABLE = YES;
				IPHONEOS_DEPLOYMENT_TARGET = 11.2;
				MTL_ENABLE_DEBUG_INFO = NO;
				SDKROOT = iphoneos;
				VALIDATE_PRODUCT = YES;
			};
			name = Release;
		};
		AD712F13203CD85F0026BC82 /* Debug */ = {
			isa = XCBuildConfiguration;
			buildSettings = {
				ASSETCATALOG_COMPILER_APPICON_NAME = AppIcon;
				CODE_SIGN_STYLE = Automatic;
				INFOPLIST_FILE = AutoLayout_Storyboard/Info.plist;
				LD_RUNPATH_SEARCH_PATHS = "$(inherited) @executable_path/Frameworks";
				PRODUCT_BUNDLE_IDENTIFIER = "com.tysonparks.AutoLayout-Storyboard";
				PRODUCT_NAME = "$(TARGET_NAME)";
				TARGETED_DEVICE_FAMILY = "1,2";
			};
			name = Debug;
		};
		AD712F14203CD85F0026BC82 /* Release */ = {
			isa = XCBuildConfiguration;
			buildSettings = {
				ASSETCATALOG_COMPILER_APPICON_NAME = AppIcon;
				CODE_SIGN_STYLE = Automatic;
				INFOPLIST_FILE = AutoLayout_Storyboard/Info.plist;
				LD_RUNPATH_SEARCH_PATHS = "$(inherited) @executable_path/Frameworks";
				PRODUCT_BUNDLE_IDENTIFIER = "com.tysonparks.AutoLayout-Storyboard";
				PRODUCT_NAME = "$(TARGET_NAME)";
				TARGETED_DEVICE_FAMILY = "1,2";
			};
			name = Release;
		};
/* End XCBuildConfiguration section */

/* Begin XCConfigurationList section */
		AD712EF7203CD85F0026BC82 /* Build configuration list for PBXProject "AutoLayout_Storyboard" */ = {
			isa = XCConfigurationList;
			buildConfigurations = (
				AD712F10203CD85F0026BC82 /* Debug */,
				AD712F11203CD85F0026BC82 /* Release */,
			);
			defaultConfigurationIsVisible = 0;
			defaultConfigurationName = Release;
		};
		AD712F12203CD85F0026BC82 /* Build configuration list for PBXNativeTarget "AutoLayout_Storyboard" */ = {
			isa = XCConfigurationList;
			buildConfigurations = (
				AD712F13203CD85F0026BC82 /* Debug */,
				AD712F14203CD85F0026BC82 /* Release */,
			);
			defaultConfigurationIsVisible = 0;
			defaultConfigurationName = Release;
		};
/* End XCConfigurationList section */
	};
	rootObject = AD712EF4203CD85F0026BC82 /* Project object */;
}
